hash: 98e136f661083167fa8d736410d0843398685076a9b6687844cfa2370eefd30f
updated: 2017-02-18T14:18:27.143121294-07:00
imports:
- name: github.com/gorilla/context
  version: 08b5f424b9271eedf6f9f0ce86cb9396ed337a42
- name: github.com/gorilla/mux
  version: 392c28fe23e1c45ddba891b0320b3b5df220beea
testImports: []
